
Microsoft Visual Studio Solution File, Format Version 12.00
# Visual Studio Version 17
VisualStudioVersion = 17.4.33213.308
MinimumVisualStudioVersion = 10.0.40219.1
Project("{FAE04EC0-301F-11D3-BF4B-00C04F79EFBC}") = "PayCore.API", "PayCore.API\PayCore.API.csproj", "{8114AFB2-0DA8-4894-9C44-B1C56D9F5717}"
EndProject
Project("{FAE04EC0-301F-11D3-BF4B-00C04F79EFBC}") = "PayCore.DAL", "PayCore.DAL\PayCore.DAL.csproj", "{69EA3590-A2F9-4D96-B74F-F7EDBD8D05EB}"
EndProject
Project("{2150E333-8FDC-42A3-9474-1A3956D46DE8}") = "Solution Items", "Solution Items", "{FA68BEAF-C08A-463C-B420-E5A139A7DA5C}"
	ProjectSection(SolutionItems) = preProject
		Eklenecekler.txt = Eklenecekler.txt
	EndProjectSection
EndProject
Project("{FAE04EC0-301F-11D3-BF4B-00C04F79EFBC}") = "PayCore.BLL", "PayCore.BLL\PayCore.BLL.csproj", "{0C5DC0B9-32D1-4E63-99CA-C45F551158F7}"
EndProject
Project("{FAE04EC0-301F-11D3-BF4B-00C04F79EFBC}") = "PayCore.DTO", "PayCore.DTO\PayCore.DTO.csproj", "{8223E84D-02CF-4BCE-9E38-2058456EAC33}"
EndProject
Project("{FAE04EC0-301F-11D3-BF4B-00C04F79EFBC}") = "PayCore.Validation", "PayCore.Validation\PayCore.Validation.csproj", "{3BF4BEEB-BE71-4CF5-A62B-57BA4730A5F4}"
EndProject
Project("{FAE04EC0-301F-11D3-BF4B-00C04F79EFBC}") = "PayCore.Mapping", "PayCore.Mapping\PayCore.Mapping.csproj", "{EC6E43CC-E39A-4C1B-8498-AD1229E35A45}"
EndProject
Global
	GlobalSection(SolutionConfigurationPlatforms) = preSolution
		Debug|Any CPU = Debug|Any CPU
		Release|Any CPU = Release|Any CPU
	EndGlobalSection
	GlobalSection(ProjectConfigurationPlatforms) = postSolution
		{8114AFB2-0DA8-4894-9C44-B1C56D9F5717}.Debug|Any CPU.ActiveCfg = Debug|Any CPU
		{8114AFB2-0DA8-4894-9C44-B1C56D9F5717}.Debug|Any CPU.Build.0 = Debug|Any CPU
		{8114AFB2-0DA8-4894-9C44-B1C56D9F5717}.Release|Any CPU.ActiveCfg = Release|Any CPU
		{8114AFB2-0DA8-4894-9C44-B1C56D9F5717}.Release|Any CPU.Build.0 = Release|Any CPU
		{69EA3590-A2F9-4D96-B74F-F7EDBD8D05EB}.Debug|Any CPU.ActiveCfg = Debug|Any CPU
		{69EA3590-A2F9-4D96-B74F-F7EDBD8D05EB}.Debug|Any CPU.Build.0 = Debug|Any CPU
		{69EA3590-A2F9-4D96-B74F-F7EDBD8D05EB}.Release|Any CPU.ActiveCfg = Release|Any CPU
		{69EA3590-A2F9-4D96-B74F-F7EDBD8D05EB}.Release|Any CPU.Build.0 = Release|Any CPU
		{0C5DC0B9-32D1-4E63-99CA-C45F551158F7}.Debug|Any CPU.ActiveCfg = Debug|Any CPU
		{0C5DC0B9-32D1-4E63-99CA-C45F551158F7}.Debug|Any CPU.Build.0 = Debug|Any CPU
		{0C5DC0B9-32D1-4E63-99CA-C45F551158F7}.Release|Any CPU.ActiveCfg = Release|Any CPU
		{0C5DC0B9-32D1-4E63-99CA-C45F551158F7}.Release|Any CPU.Build.0 = Release|Any CPU
		{8223E84D-02CF-4BCE-9E38-2058456EAC33}.Debug|Any CPU.ActiveCfg = Debug|Any CPU
		{8223E84D-02CF-4BCE-9E38-2058456EAC33}.Debug|Any CPU.Build.0 = Debug|Any CPU
		{8223E84D-02CF-4BCE-9E38-2058456EAC33}.Release|Any CPU.ActiveCfg = Release|Any CPU
		{8223E84D-02CF-4BCE-9E38-2058456EAC33}.Release|Any CPU.Build.0 = Release|Any CPU
		{3BF4BEEB-BE71-4CF5-A62B-57BA4730A5F4}.Debug|Any CPU.ActiveCfg = Debug|Any CPU
		{3BF4BEEB-BE71-4CF5-A62B-57BA4730A5F4}.Debug|Any CPU.Build.0 = Debug|Any CPU
		{3BF4BEEB-BE71-4CF5-A62B-57BA4730A5F4}.Release|Any CPU.ActiveCfg = Release|Any CPU
		{3BF4BEEB-BE71-4CF5-A62B-57BA4730A5F4}.Release|Any CPU.Build.0 = Release|Any CPU
		{EC6E43CC-E39A-4C1B-8498-AD1229E35A45}.Debug|Any CPU.ActiveCfg = Debug|Any CPU
		{EC6E43CC-E39A-4C1B-8498-AD1229E35A45}.Debug|Any CPU.Build.0 = Debug|Any CPU
		{EC6E43CC-E39A-4C1B-8498-AD1229E35A45}.Release|Any CPU.ActiveCfg = Release|Any CPU
		{EC6E43CC-E39A-4C1B-8498-AD1229E35A45}.Release|Any CPU.Build.0 = Release|Any CPU
	EndGlobalSection
	GlobalSection(SolutionProperties) = preSolution
		HideSolutionNode = FALSE
	EndGlobalSection
	GlobalSection(ExtensibilityGlobals) = postSolution
		SolutionGuid = {C259A400-59C3-4B44-9CF8-F389C07B37B3}
	EndGlobalSection
EndGlobal
